{
  "name": "@neurofoam/channel-ws",
  "version": "0.0.0",
  "lockfileVersion": 1,
  "requires": true,
  "dependencies": {
    "@neurofoam/types": {
      "version": "0.0.16",
      "resolved": "https://registry.npmjs.org/@neurofoam/types/-/types-0.0.16.tgz",
      "integrity": "sha512-ng1yirlKj6P3NouWDXN+GU5MQKhDrWP5rZzYFNM6On7aJ/eKUgCcq19jEDM3B6OQF10dXStrN6PE4WvQP2Qxyw==",
      "dev": true,
      "requires": {
        "jsonschema": "1.2.6"
      }
    },
    "@types/node": {
      "version": "14.11.2",
      "resolved": "https://registry.npmjs.org/@types/node/-/node-14.11.2.tgz",
      "integrity": "sha512-jiE3QIxJ8JLNcb1Ps6rDbysDhN4xa8DJJvuC9prr6w+1tIh+QAbYyNF3tyiZNLDBIuBCf4KEcV2UvQm/V60xfA==",
      "dev": true
    },
    "@types/ws": {
      "version": "7.2.7",
      "resolved": "https://registry.npmjs.org/@types/ws/-/ws-7.2.7.tgz",
      "integrity": "sha512-UUFC/xxqFLP17hTva8/lVT0SybLUrfSD9c+iapKb0fEiC8uoDbA+xuZ3pAN603eW+bY8ebSMLm9jXdIPnD0ZgA==",
      "dev": true,
      "requires": {
        "@types/node": "*"
      }
    },
    "jsonschema": {
      "version": "1.2.6",
      "resolved": "https://registry.npmjs.org/jsonschema/-/jsonschema-1.2.6.tgz",
      "integrity": "sha512-SqhURKZG07JyKKeo/ir24QnS4/BV7a6gQy93bUSe4lUdNp0QNpIz2c9elWJQ9dpc5cQYY6cvCzgRwy0MQCLyqA==",
      "dev": true
    }
  }
}
