{
  "name": "@neurofoam/channel-ws",
  "version": "0.0.0",
  "lockfileVersion": 1,
  "requires": true,
  "dependencies": {
    "@neurofoam/types": {
      "version": "0.0.16",
      "resolved": "https://registry.npmjs.org/@neurofoam/types/-/types-0.0.16.tgz",
      "integrity": "sha512-ng1yirlKj6P3NouWDXN+GU5MQKhDrWP5rZzYFNM6On7aJ/eKUgCcq19jEDM3B6OQF10dXStrN6PE4WvQP2Qxyw==",
      "dev": true,
      "requires": {
        "jsonschema": "1.2.6"
      }
    },
    "@types/node": {
      "version": "14.14.41",
      "resolved": "https://registry.npmjs.org/@types/node/-/node-14.14.41.tgz",
      "integrity": "sha512-dueRKfaJL4RTtSa7bWeTK1M+VH+Gns73oCgzvYfHZywRCoPSd8EkXBL0mZ9unPTveBn+D9phZBaxuzpwjWkW0g==",
      "dev": true
    },
    "@types/ws": {
      "version": "7.4.1",
      "resolved": "https://registry.npmjs.org/@types/ws/-/ws-7.4.1.tgz",
      "integrity": "sha512-ISCK1iFnR+jYv7+jLNX0wDqesZ/5RAeY3wUx6QaphmocphU61h+b+PHjS18TF4WIPTu/MMzxIq2PHr32o2TS5Q==",
      "dev": true,
      "requires": {
        "@types/node": "*"
      }
    },
    "jsonschema": {
      "version": "1.2.6",
      "resolved": "https://registry.npmjs.org/jsonschema/-/jsonschema-1.2.6.tgz",
      "integrity": "sha512-SqhURKZG07JyKKeo/ir24QnS4/BV7a6gQy93bUSe4lUdNp0QNpIz2c9elWJQ9dpc5cQYY6cvCzgRwy0MQCLyqA==",
      "dev": true
    }
  }
}
