{
  "name": "@neurofoam/persistence-memory",
  "version": "0.0.0",
  "lockfileVersion": 1,
  "requires": true,
  "dependencies": {
    "@neurofoam/types": {
      "version": "0.0.18",
      "resolved": "https://registry.npmjs.org/@neurofoam/types/-/types-0.0.18.tgz",
      "integrity": "sha512-vja3ei4btMsg6hw9A/FgRyHlAMWeTEcFK+cbTT96Tes285VZpbiXQyOvZghEeaqdLbINJDkrktGDeTA47VEIMw==",
      "dev": true,
      "requires": {
        "jsonschema": "1.2.8"
      }
    },
    "jsonschema": {
      "version": "1.2.8",
      "resolved": "https://registry.npmjs.org/jsonschema/-/jsonschema-1.2.8.tgz",
      "integrity": "sha512-HZrVvnv9Ri3WK3t53Anu55eS+IYiQm+UcGE23oBEYi3gD1qODW+I7y4R28q2FyVhzGTDhxAEqTjbe5+jNkqmeQ==",
      "dev": true
    }
  }
}
