{
  "name": "@neurofoam/orchestrator",
  "version": "0.0.0",
  "lockfileVersion": 1,
  "requires": true,
  "dependencies": {
    "@neurofoam/types": {
      "version": "0.0.15",
      "resolved": "https://registry.npmjs.org/@neurofoam/types/-/types-0.0.15.tgz",
      "integrity": "sha512-Kjdmqu9h3FYbEChQXQBGZqP6a7tFjbZDClgopp0Ro81edqd3Oh9+TITChwc1Gn3xZWcU8DZ37mv9U8kkuknVcQ==",
      "dev": true,
      "requires": {
        "jsonschema": "1.2.6"
      }
    },
    "jsonschema": {
      "version": "1.2.6",
      "resolved": "https://registry.npmjs.org/jsonschema/-/jsonschema-1.2.6.tgz",
      "integrity": "sha512-SqhURKZG07JyKKeo/ir24QnS4/BV7a6gQy93bUSe4lUdNp0QNpIz2c9elWJQ9dpc5cQYY6cvCzgRwy0MQCLyqA=="
    }
  }
}
